{
    "_meta": {
        "hash": {
            "sha256": "7ca1d212289ab48bf785b25075775b19db23bb25a08ca3438a931b1b7b28e952"
        },
        "pipfile-spec": 6,
        "requires": {
            "python_version": "3.6"
        },
        "sources": [
            {
                "name": "pypi",
                "url": "https://pypi.org/simple",
                "verify_ssl": true
            }
        ]
    },
    "default": {
        "pprint": {
            "hashes": [
                "sha256:b54fb5189bc96b4aab152cb162e3041f1b86bae6a78a7b20b058bd43ee0acc89",
                "sha256:c0fa22d1462351671ca098e9779bb26a23880011e93eea5f199a150ee7b92a16"
            ],
            "index": "pypi",
            "version": "==0.1"
        }
    },
    "develop": {}
}
