{
    "_meta": {
        "hash": {
            "sha256": "c4595500204e1354848ee204a6c4661b6b5e0b6625f8e3284893ac0850db7b9d"
        },
        "pipfile-spec": 6,
        "requires": {
            "python_version": "3.6"
        },
        "sources": [
            {
                "name": "pypi",
                "url": "https://pypi.org/simple",
                "verify_ssl": true
            }
        ]
    },
    "default": {
        "pprint": {
            "hashes": [
                "sha256:c0fa22d1462351671ca098e9779bb26a23880011e93eea5f199a150ee7b92a16"
            ],
            "index": "pypi",
            "version": "==0.1"
        },
        "six": {
            "hashes": [
                "sha256:3350809f0555b11f552448330d0b52d5f24c91a322ea4a15ef22629740f3761c",
                "sha256:d16a0141ec1a18405cd4ce8b4613101da75da0e9a7aec5bdd4fa804d0e0eba73"
            ],
            "version": "==1.12.0"
        },
        "tld": {
            "hashes": [
                "sha256:89a7a403a4a5de1ca7b64550df8a8a2abdfbbd1556e1b8cdfe251c0f90ab2f3a",
                "sha256:e63acad4f866bc4c724a21a03eb7cf692bc8495cb286ee60d3a45258054bdc02"
            ],
            "index": "pypi",
            "version": "==0.9.6"
        }
    },
    "develop": {}
}
